
Microsoft Visual Studio Solution File, Format Version 12.00
# Visual Studio Version 17
VisualStudioVersion = 17.13.35931.197 d17.13
MinimumVisualStudioVersion = 10.0.40219.1
Project("{FAE04EC0-301F-11D3-BF4B-00C04F79EFBC}") = "nvklab07", "nvklab07\nvklab07.csproj", "{A732D8CA-3FFD-438D-A9E0-DFFDBF66E811}"
EndProject
Global
	GlobalSection(SolutionConfigurationPlatforms) = preSolution
		Debug|Any CPU = Debug|Any CPU
		Release|Any CPU = Release|Any CPU
	EndGlobalSection
	GlobalSection(ProjectConfigurationPlatforms) = postSolution
		{A732D8CA-3FFD-438D-A9E0-DFFDBF66E811}.Debug|Any CPU.ActiveCfg = Debug|Any CPU
		{A732D8CA-3FFD-438D-A9E0-DFFDBF66E811}.Debug|Any CPU.Build.0 = Debug|Any CPU
		{A732D8CA-3FFD-438D-A9E0-DFFDBF66E811}.Release|Any CPU.ActiveCfg = Release|Any CPU
		{A732D8CA-3FFD-438D-A9E0-DFFDBF66E811}.Release|Any CPU.Build.0 = Release|Any CPU
	EndGlobalSection
	GlobalSection(SolutionProperties) = preSolution
		HideSolutionNode = FALSE
	EndGlobalSection
	GlobalSection(ExtensibilityGlobals) = postSolution
		SolutionGuid = {AC839529-CFFC-42A6-BA04-B059483E0ED3}
	EndGlobalSection
EndGlobal
