
Microsoft Visual Studio Solution File, Format Version 12.00
# Visual Studio Version 17
VisualStudioVersion = 17.13.35931.197 d17.13
MinimumVisualStudioVersion = 10.0.40219.1
Project("{FAE04EC0-301F-11D3-BF4B-00C04F79EFBC}") = "ls4", "ls4\ls4.csproj", "{11647642-5E17-4DB7-B4CA-DB84F9E848AA}"
EndProject
Global
	GlobalSection(SolutionConfigurationPlatforms) = preSolution
		Debug|Any CPU = Debug|Any CPU
		Release|Any CPU = Release|Any CPU
	EndGlobalSection
	GlobalSection(ProjectConfigurationPlatforms) = postSolution
		{11647642-5E17-4DB7-B4CA-DB84F9E848AA}.Debug|Any CPU.ActiveCfg = Debug|Any CPU
		{11647642-5E17-4DB7-B4CA-DB84F9E848AA}.Debug|Any CPU.Build.0 = Debug|Any CPU
		{11647642-5E17-4DB7-B4CA-DB84F9E848AA}.Release|Any CPU.ActiveCfg = Release|Any CPU
		{11647642-5E17-4DB7-B4CA-DB84F9E848AA}.Release|Any CPU.Build.0 = Release|Any CPU
	EndGlobalSection
	GlobalSection(SolutionProperties) = preSolution
		HideSolutionNode = FALSE
	EndGlobalSection
	GlobalSection(ExtensibilityGlobals) = postSolution
		SolutionGuid = {39A044CE-1830-4AAF-923B-DF6164FA3368}
	EndGlobalSection
EndGlobal
